
Microsoft Visual Studio Solution File, Format Version 12.00
# Visual Studio Version 17
VisualStudioVersion = 17.8.34525.116
MinimumVisualStudioVersion = 10.0.40219.1
Project("{9A19103F-16F7-4668-BE54-9A1E7A4F7556}") = "TestTask", "TestTask\TestTask.csproj", "{70488AAD-3715-44D3-991D-A43D44CFB888}"
EndProject
Project("{2150E333-8FDC-42A3-9474-1A3956D46DE8}") = "Tests", "Tests", "{44D7CB60-7C07-4B67-AD8C-13B8111BE5A6}"
EndProject
Project("{2150E333-8FDC-42A3-9474-1A3956D46DE8}") = "Core", "Core", "{EE12251F-23DB-42EE-8C34-9B92692BA5A2}"
EndProject
Project("{2150E333-8FDC-42A3-9474-1A3956D46DE8}") = "Domain", "Domain", "{147C3DCA-6A2A-43A6-B85F-5F5F6EE2E873}"
EndProject
Project("{2150E333-8FDC-42A3-9474-1A3956D46DE8}") = "Domain", "Domain", "{3DB1EE78-6924-46C1-93AA-98661B7D03B7}"
EndProject
Project("{9A19103F-16F7-4668-BE54-9A1E7A4F7556}") = "TestDomain", "Tests\Domain\TestDomain.csproj", "{1A0AA331-BDE7-47A9-A7DD-8C8E7D125A15}"
EndProject
Project("{9A19103F-16F7-4668-BE54-9A1E7A4F7556}") = "Domain", "Core\Domain\Domain.csproj", "{94BB81A9-AFC3-4552-97AB-3F7AC27EA457}"
EndProject
Project("{2150E333-8FDC-42A3-9474-1A3956D46DE8}") = "Infrastructure", "Infrastructure", "{94B9A180-107D-47B9-95E3-F5DD26DA6BFC}"
EndProject
Project("{2150E333-8FDC-42A3-9474-1A3956D46DE8}") = "Usecases", "Usecases", "{9E17E05E-89D6-4ABF-814C-3F199C326685}"
EndProject
Project("{2150E333-8FDC-42A3-9474-1A3956D46DE8}") = "Presentation", "Presentation", "{8B3FA1B8-57E1-4E9E-A508-4CCA37CD9304}"
EndProject
Project("{FAE04EC0-301F-11D3-BF4B-00C04F79EFBC}") = "UseCases", "UseCases\UseCases.csproj", "{7D812826-B1DE-4165-B667-517C473D499B}"
EndProject
Project("{FAE04EC0-301F-11D3-BF4B-00C04F79EFBC}") = "Infrastructure", "Infrastructure\Infrastructure.csproj", "{328440BE-E371-4A53-B765-0769115F205C}"
EndProject
Project("{FAE04EC0-301F-11D3-BF4B-00C04F79EFBC}") = "TestUseCases", "Tests\TestUseCases\TestUseCases.csproj", "{D37D5C13-5797-4B41-837B-CD990DD1CFDE}"
EndProject
Global
	GlobalSection(SolutionConfigurationPlatforms) = preSolution
		Debug|Any CPU = Debug|Any CPU
		Release|Any CPU = Release|Any CPU
	EndGlobalSection
	GlobalSection(ProjectConfigurationPlatforms) = postSolution
		{70488AAD-3715-44D3-991D-A43D44CFB888}.Debug|Any CPU.ActiveCfg = Debug|Any CPU
		{70488AAD-3715-44D3-991D-A43D44CFB888}.Debug|Any CPU.Build.0 = Debug|Any CPU
		{70488AAD-3715-44D3-991D-A43D44CFB888}.Release|Any CPU.ActiveCfg = Release|Any CPU
		{70488AAD-3715-44D3-991D-A43D44CFB888}.Release|Any CPU.Build.0 = Release|Any CPU
		{1A0AA331-BDE7-47A9-A7DD-8C8E7D125A15}.Debug|Any CPU.ActiveCfg = Debug|Any CPU
		{1A0AA331-BDE7-47A9-A7DD-8C8E7D125A15}.Debug|Any CPU.Build.0 = Debug|Any CPU
		{1A0AA331-BDE7-47A9-A7DD-8C8E7D125A15}.Release|Any CPU.ActiveCfg = Release|Any CPU
		{1A0AA331-BDE7-47A9-A7DD-8C8E7D125A15}.Release|Any CPU.Build.0 = Release|Any CPU
		{94BB81A9-AFC3-4552-97AB-3F7AC27EA457}.Debug|Any CPU.ActiveCfg = Debug|Any CPU
		{94BB81A9-AFC3-4552-97AB-3F7AC27EA457}.Debug|Any CPU.Build.0 = Debug|Any CPU
		{94BB81A9-AFC3-4552-97AB-3F7AC27EA457}.Release|Any CPU.ActiveCfg = Release|Any CPU
		{94BB81A9-AFC3-4552-97AB-3F7AC27EA457}.Release|Any CPU.Build.0 = Release|Any CPU
		{7D812826-B1DE-4165-B667-517C473D499B}.Debug|Any CPU.ActiveCfg = Debug|Any CPU
		{7D812826-B1DE-4165-B667-517C473D499B}.Debug|Any CPU.Build.0 = Debug|Any CPU
		{7D812826-B1DE-4165-B667-517C473D499B}.Release|Any CPU.ActiveCfg = Release|Any CPU
		{7D812826-B1DE-4165-B667-517C473D499B}.Release|Any CPU.Build.0 = Release|Any CPU
		{328440BE-E371-4A53-B765-0769115F205C}.Debug|Any CPU.ActiveCfg = Debug|Any CPU
		{328440BE-E371-4A53-B765-0769115F205C}.Debug|Any CPU.Build.0 = Debug|Any CPU
		{328440BE-E371-4A53-B765-0769115F205C}.Release|Any CPU.ActiveCfg = Release|Any CPU
		{328440BE-E371-4A53-B765-0769115F205C}.Release|Any CPU.Build.0 = Release|Any CPU
		{D37D5C13-5797-4B41-837B-CD990DD1CFDE}.Debug|Any CPU.ActiveCfg = Debug|Any CPU
		{D37D5C13-5797-4B41-837B-CD990DD1CFDE}.Debug|Any CPU.Build.0 = Debug|Any CPU
		{D37D5C13-5797-4B41-837B-CD990DD1CFDE}.Release|Any CPU.ActiveCfg = Release|Any CPU
		{D37D5C13-5797-4B41-837B-CD990DD1CFDE}.Release|Any CPU.Build.0 = Release|Any CPU
	EndGlobalSection
	GlobalSection(SolutionProperties) = preSolution
		HideSolutionNode = FALSE
	EndGlobalSection
	GlobalSection(NestedProjects) = preSolution
		{147C3DCA-6A2A-43A6-B85F-5F5F6EE2E873} = {EE12251F-23DB-42EE-8C34-9B92692BA5A2}
		{3DB1EE78-6924-46C1-93AA-98661B7D03B7} = {44D7CB60-7C07-4B67-AD8C-13B8111BE5A6}
		{1A0AA331-BDE7-47A9-A7DD-8C8E7D125A15} = {3DB1EE78-6924-46C1-93AA-98661B7D03B7}
		{94BB81A9-AFC3-4552-97AB-3F7AC27EA457} = {147C3DCA-6A2A-43A6-B85F-5F5F6EE2E873}
		{7D812826-B1DE-4165-B667-517C473D499B} = {9E17E05E-89D6-4ABF-814C-3F199C326685}
		{328440BE-E371-4A53-B765-0769115F205C} = {94B9A180-107D-47B9-95E3-F5DD26DA6BFC}
		{D37D5C13-5797-4B41-837B-CD990DD1CFDE} = {44D7CB60-7C07-4B67-AD8C-13B8111BE5A6}
	EndGlobalSection
	GlobalSection(ExtensibilityGlobals) = postSolution
		SolutionGuid = {3E07FC7F-A95D-420A-B6E6-9588499DE9F1}
	EndGlobalSection
EndGlobal
